<?xml version="1.0" encoding="UTF-8"?>
<Scheme
   LastUpgradeVersion = "0730"
   version = "1.3">
   <BuildAction
      parallelizeBuildables = "YES"
      buildImplicitDependencies = "YES">
      <BuildActionEntries>
         <BuildActionEntry
            buildForTesting = "YES"
            buildForRunning = "YES"
            buildForProfiling = "YES"
            buildForArchiving = "YES"
            buildForAnalyzing = "YES">
            <BuildableReference
               BuildableIdentifier = "primary"
               BlueprintIdentifier = "5D476F981CA6D6120050E73A"
               BuildableName = "me&#x30ed;&#x30af;&#x3099;.app"
               BlueprintName = "me&#x30ed;&#x30af;&#x3099;"
               ReferencedContainer = "container:me&#x30ed;&#x30af;&#x3099;.xcodeproj">
            </BuildableReference>
         </BuildActionEntry>
      </BuildActionEntries>
   </BuildAction>
   <TestAction
      buildConfiguration = "Debug"
      selectedDebuggerIdentifier = "Xcode.DebuggerFoundation.Debugger.LLDB"
      selectedLauncherIdentifier = "Xcode.DebuggerFoundation.Launcher.LLDB"
      shouldUseLaunchSchemeArgsEnv = "YES">
      <Testables>
         <TestableReference
            skipped = "NO">
            <BuildableReference
               BuildableIdentifier = "primary"
               BlueprintIdentifier = "5D476FAC1CA6D6130050E73A"
               BuildableName = "me&#x30ed;&#x30af;&#x3099;Tests.xctest"
               BlueprintName = "me&#x30ed;&#x30af;&#x3099;Tests"
               ReferencedContainer = "container:me&#x30ed;&#x30af;&#x3099;.xcodeproj">
            </BuildableReference>
         </TestableReference>
         <TestableReference
            skipped = "NO">
            <BuildableReference
               BuildableIdentifier = "primary"
               BlueprintIdentifier = "5D476FB71CA6D6130050E73A"
               BuildableName = "me&#x30ed;&#x30af;&#x3099;UITests.xctest"
               BlueprintName = "me&#x30ed;&#x30af;&#x3099;UITests"
               ReferencedContainer = "container:me&#x30ed;&#x30af;&#x3099;.xcodeproj">
            </BuildableReference>
         </TestableReference>
      </Testables>
      <MacroExpansion>
         <BuildableReference
            BuildableIdentifier = "primary"
            BlueprintIdentifier = "5D476F981CA6D6120050E73A"
            BuildableName = "me&#x30ed;&#x30af;&#x3099;.app"
            BlueprintName = "me&#x30ed;&#x30af;&#x3099;"
            ReferencedContainer = "container:me&#x30ed;&#x30af;&#x3099;.xcodeproj">
         </BuildableReference>
      </MacroExpansion>
      <AdditionalOptions>
      </AdditionalOptions>
   </TestAction>
   <LaunchAction
      buildConfiguration = "Debug"
      selectedDebuggerIdentifier = "Xcode.DebuggerFoundation.Debugger.LLDB"
      selectedLauncherIdentifier = "Xcode.DebuggerFoundation.Launcher.LLDB"
      launchStyle = "0"
      useCustomWorkingDirectory = "NO"
      ignoresPersistentStateOnLaunch = "NO"
      debugDocumentVersioning = "YES"
      debugServiceExtension = "internal"
      allowLocationSimulation = "YES">
      <BuildableProductRunnable
         runnableDebuggingMode = "0">
         <BuildableReference
            BuildableIdentifier = "primary"
            BlueprintIdentifier = "5D476F981CA6D6120050E73A"
            BuildableName = "me&#x30ed;&#x30af;&#x3099;.app"
            BlueprintName = "me&#x30ed;&#x30af;&#x3099;"
            ReferencedContainer = "container:me&#x30ed;&#x30af;&#x3099;.xcodeproj">
         </BuildableReference>
      </BuildableProductRunnable>
      <AdditionalOptions>
      </AdditionalOptions>
   </LaunchAction>
   <ProfileAction
      buildConfiguration = "Release"
      shouldUseLaunchSchemeArgsEnv = "YES"
      savedToolIdentifier = ""
      useCustomWorkingDirectory = "NO"
      debugDocumentVersioning = "YES">
      <BuildableProductRunnable
         runnableDebuggingMode = "0">
         <BuildableReference
            BuildableIdentifier = "primary"
            BlueprintIdentifier = "5D476F981CA6D6120050E73A"
            BuildableName = "me&#x30ed;&#x30af;&#x3099;.app"
            BlueprintName = "me&#x30ed;&#x30af;&#x3099;"
            ReferencedContainer = "container:me&#x30ed;&#x30af;&#x3099;.xcodeproj">
         </BuildableReference>
      </BuildableProductRunnable>
   </ProfileAction>
   <AnalyzeAction
      buildConfiguration = "Debug">
   </AnalyzeAction>
   <ArchiveAction
      buildConfiguration = "Release"
      revealArchiveInOrganizer = "YES">
   </ArchiveAction>
</Scheme>
